
Microsoft Visual Studio Solution File, Format Version 12.00
# Visual Studio 2012
Project("{8BC9CEB8-8B4A-11D0-8D11-00A0C91BC942}") = "UnitTest", "UnitTest\UnitTest.vcxproj", "{8154ACD6-5C62-460C-B844-D8A23FE773B2}"
	ProjectSection(ProjectDependencies) = postProject
		{5502B34F-2CAA-456A-8E66-F1121D42CB52} = {5502B34F-2CAA-456A-8E66-F1121D42CB52}
	EndProjectSection
EndProject
Project("{8BC9CEB8-8B4A-11D0-8D11-00A0C91BC942}") = "CalculateChineseNameProcessor", "CalculateChineseNameProcessor\CalculateChineseNameProcessor.vcxproj", "{5502B34F-2CAA-456A-8E66-F1121D42CB52}"
EndProject
Project("{8BC9CEB8-8B4A-11D0-8D11-00A0C91BC942}") = "Main1", "Main1\Main1.vcxproj", "{2261063F-90DC-4DF4-9AC5-0AB2A2773689}"
	ProjectSection(ProjectDependencies) = postProject
		{5502B34F-2CAA-456A-8E66-F1121D42CB52} = {5502B34F-2CAA-456A-8E66-F1121D42CB52}
	EndProjectSection
EndProject
Global
	GlobalSection(SolutionConfigurationPlatforms) = preSolution
		Debug|Win32 = Debug|Win32
		Release|Win32 = Release|Win32
	EndGlobalSection
	GlobalSection(ProjectConfigurationPlatforms) = postSolution
		{8154ACD6-5C62-460C-B844-D8A23FE773B2}.Debug|Win32.ActiveCfg = Debug|Win32
		{8154ACD6-5C62-460C-B844-D8A23FE773B2}.Debug|Win32.Build.0 = Debug|Win32
		{8154ACD6-5C62-460C-B844-D8A23FE773B2}.Release|Win32.ActiveCfg = Release|Win32
		{8154ACD6-5C62-460C-B844-D8A23FE773B2}.Release|Win32.Build.0 = Release|Win32
		{5502B34F-2CAA-456A-8E66-F1121D42CB52}.Debug|Win32.ActiveCfg = Debug|Win32
		{5502B34F-2CAA-456A-8E66-F1121D42CB52}.Debug|Win32.Build.0 = Debug|Win32
		{5502B34F-2CAA-456A-8E66-F1121D42CB52}.Release|Win32.ActiveCfg = Release|Win32
		{5502B34F-2CAA-456A-8E66-F1121D42CB52}.Release|Win32.Build.0 = Release|Win32
		{2261063F-90DC-4DF4-9AC5-0AB2A2773689}.Debug|Win32.ActiveCfg = Debug|Win32
		{2261063F-90DC-4DF4-9AC5-0AB2A2773689}.Debug|Win32.Build.0 = Debug|Win32
		{2261063F-90DC-4DF4-9AC5-0AB2A2773689}.Debug|Win32.Deploy.0 = Debug|Win32
		{2261063F-90DC-4DF4-9AC5-0AB2A2773689}.Release|Win32.ActiveCfg = Release|Win32
		{2261063F-90DC-4DF4-9AC5-0AB2A2773689}.Release|Win32.Build.0 = Release|Win32
		{2261063F-90DC-4DF4-9AC5-0AB2A2773689}.Release|Win32.Deploy.0 = Release|Win32
	EndGlobalSection
	GlobalSection(SolutionProperties) = preSolution
		HideSolutionNode = FALSE
	EndGlobalSection
EndGlobal
